
Microsoft Visual Studio Solution File, Format Version 12.00
# Visual Studio 2013
VisualStudioVersion = 12.0.30723.0
MinimumVisualStudioVersion = 10.0.40219.1
Project("{FAE04EC0-301F-11D3-BF4B-00C04F79EFBC}") = "Concurrent", "Concurrent.csproj", "{67E4E266-9FCC-4B4C-8C47-E942C37BDE44}"
EndProject
Project("{FAE04EC0-301F-11D3-BF4B-00C04F79EFBC}") = "day2", "..\day2\day2.csproj", "{77BA8F55-BC46-4201-8A16-4AB86BF9C99A}"
EndProject
Project("{FAE04EC0-301F-11D3-BF4B-00C04F79EFBC}") = "DataAdapter", "..\Beispiele\ADO.NET\DataAdapter\DataAdapter.csproj", "{67271720-62C6-4B9B-A8E8-E496D01024A8}"
EndProject

Global
	GlobalSection(SolutionConfigurationPlatforms) = preSolution
		Debug|Any CPU = Debug|Any CPU
		Release|Any CPU = Release|Any CPU
	EndGlobalSection
	GlobalSection(ProjectConfigurationPlatforms) = postSolution
		{67E4E266-9FCC-4B4C-8C47-E942C37BDE44}.Debug|Any CPU.ActiveCfg = Debug|Any CPU
		{67E4E266-9FCC-4B4C-8C47-E942C37BDE44}.Debug|Any CPU.Build.0 = Debug|Any CPU
		{67E4E266-9FCC-4B4C-8C47-E942C37BDE44}.Release|Any CPU.ActiveCfg = Release|Any CPU
		{67E4E266-9FCC-4B4C-8C47-E942C37BDE44}.Release|Any CPU.Build.0 = Release|Any CPU
		{77BA8F55-BC46-4201-8A16-4AB86BF9C99A}.Debug|Any CPU.ActiveCfg = Debug|Any CPU
		{77BA8F55-BC46-4201-8A16-4AB86BF9C99A}.Debug|Any CPU.Build.0 = Debug|Any CPU
		{77BA8F55-BC46-4201-8A16-4AB86BF9C99A}.Release|Any CPU.ActiveCfg = Release|Any CPU
		{77BA8F55-BC46-4201-8A16-4AB86BF9C99A}.Release|Any CPU.Build.0 = Release|Any CPU
		{67271720-62C6-4B9B-A8E8-E496D01024A8}.Debug|Any CPU.ActiveCfg = Debug|Any CPU
		{67271720-62C6-4B9B-A8E8-E496D01024A8}.Debug|Any CPU.Build.0 = Debug|Any CPU
		{67271720-62C6-4B9B-A8E8-E496D01024A8}.Release|Any CPU.ActiveCfg = Release|Any CPU
		{67271720-62C6-4B9B-A8E8-E496D01024A8}.Release|Any CPU.Build.0 = Release|Any CPU
	EndGlobalSection
	GlobalSection(SolutionProperties) = preSolution
		HideSolutionNode = FALSE
	EndGlobalSection
EndGlobal
